
Microsoft Visual Studio Solution File, Format Version 12.00
# Visual Studio Version 17
VisualStudioVersion = 17.0.31903.59
MinimumVisualStudioVersion = 10.0.40219.1
Project("{2150E333-8FDC-42A3-9474-1A3956D46DE8}") = "src", "src", "{827E0CD3-B72D-47B6-A68D-7590B98EB39B}"
EndProject
Project("{FAE04EC0-301F-11D3-BF4B-00C04F79EFBC}") = "SelfBet.Domain", "src\SelfBet.Domain\SelfBet.Domain.csproj", "{A123C05A-479C-4324-A92F-977EB89A7AE1}"
EndProject
Project("{FAE04EC0-301F-11D3-BF4B-00C04F79EFBC}") = "SelfBet.Application", "src\SelfBet.Application\SelfBet.Application.csproj", "{3217D513-ED2C-48D6-AF50-076609247D07}"
EndProject
Project("{FAE04EC0-301F-11D3-BF4B-00C04F79EFBC}") = "SelfBet.Infrastructure", "src\SelfBet.Infrastructure\SelfBet.Infrastructure.csproj", "{C4D94254-8654-4F2D-A5B1-2D63364549C3}"
EndProject
Project("{FAE04EC0-301F-11D3-BF4B-00C04F79EFBC}") = "SelfBet.Automation", "src\SelfBet.Automation\SelfBet.Automation.csproj", "{D4FF703B-7018-42BF-8AAC-AE3E7E432C99}"
EndProject
Project("{FAE04EC0-301F-11D3-BF4B-00C04F79EFBC}") = "SelfBet.Api", "src\SelfBet.Api\SelfBet.Api.csproj", "{67AE036A-B481-490A-B680-DAD976A18837}"
EndProject
Project("{FAE04EC0-301F-11D3-BF4B-00C04F79EFBC}") = "SelfBet.Dashboard", "src\SelfBet.Dashboard\SelfBet.Dashboard.csproj", "{343E232D-8D48-402C-B0E5-B53E99B5277E}"
EndProject
Global
	GlobalSection(SolutionConfigurationPlatforms) = preSolution
		Debug|Any CPU = Debug|Any CPU
		Debug|x64 = Debug|x64
		Debug|x86 = Debug|x86
		Release|Any CPU = Release|Any CPU
		Release|x64 = Release|x64
		Release|x86 = Release|x86
	EndGlobalSection
	GlobalSection(ProjectConfigurationPlatforms) = postSolution
		{A123C05A-479C-4324-A92F-977EB89A7AE1}.Debug|Any CPU.ActiveCfg = Debug|Any CPU
		{A123C05A-479C-4324-A92F-977EB89A7AE1}.Debug|Any CPU.Build.0 = Debug|Any CPU
		{A123C05A-479C-4324-A92F-977EB89A7AE1}.Debug|x64.ActiveCfg = Debug|Any CPU
		{A123C05A-479C-4324-A92F-977EB89A7AE1}.Debug|x64.Build.0 = Debug|Any CPU
		{A123C05A-479C-4324-A92F-977EB89A7AE1}.Debug|x86.ActiveCfg = Debug|Any CPU
		{A123C05A-479C-4324-A92F-977EB89A7AE1}.Debug|x86.Build.0 = Debug|Any CPU
		{A123C05A-479C-4324-A92F-977EB89A7AE1}.Release|Any CPU.ActiveCfg = Release|Any CPU
		{A123C05A-479C-4324-A92F-977EB89A7AE1}.Release|Any CPU.Build.0 = Release|Any CPU
		{A123C05A-479C-4324-A92F-977EB89A7AE1}.Release|x64.ActiveCfg = Release|Any CPU
		{A123C05A-479C-4324-A92F-977EB89A7AE1}.Release|x64.Build.0 = Release|Any CPU
		{A123C05A-479C-4324-A92F-977EB89A7AE1}.Release|x86.ActiveCfg = Release|Any CPU
		{A123C05A-479C-4324-A92F-977EB89A7AE1}.Release|x86.Build.0 = Release|Any CPU
		{3217D513-ED2C-48D6-AF50-076609247D07}.Debug|Any CPU.ActiveCfg = Debug|Any CPU
		{3217D513-ED2C-48D6-AF50-076609247D07}.Debug|Any CPU.Build.0 = Debug|Any CPU
		{3217D513-ED2C-48D6-AF50-076609247D07}.Debug|x64.ActiveCfg = Debug|Any CPU
		{3217D513-ED2C-48D6-AF50-076609247D07}.Debug|x64.Build.0 = Debug|Any CPU
		{3217D513-ED2C-48D6-AF50-076609247D07}.Debug|x86.ActiveCfg = Debug|Any CPU
		{3217D513-ED2C-48D6-AF50-076609247D07}.Debug|x86.Build.0 = Debug|Any CPU
		{3217D513-ED2C-48D6-AF50-076609247D07}.Release|Any CPU.ActiveCfg = Release|Any CPU
		{3217D513-ED2C-48D6-AF50-076609247D07}.Release|Any CPU.Build.0 = Release|Any CPU
		{3217D513-ED2C-48D6-AF50-076609247D07}.Release|x64.ActiveCfg = Release|Any CPU
		{3217D513-ED2C-48D6-AF50-076609247D07}.Release|x64.Build.0 = Release|Any CPU
		{3217D513-ED2C-48D6-AF50-076609247D07}.Release|x86.ActiveCfg = Release|Any CPU
		{3217D513-ED2C-48D6-AF50-076609247D07}.Release|x86.Build.0 = Release|Any CPU
		{C4D94254-8654-4F2D-A5B1-2D63364549C3}.Debug|Any CPU.ActiveCfg = Debug|Any CPU
		{C4D94254-8654-4F2D-A5B1-2D63364549C3}.Debug|Any CPU.Build.0 = Debug|Any CPU
		{C4D94254-8654-4F2D-A5B1-2D63364549C3}.Debug|x64.ActiveCfg = Debug|Any CPU
		{C4D94254-8654-4F2D-A5B1-2D63364549C3}.Debug|x64.Build.0 = Debug|Any CPU
		{C4D94254-8654-4F2D-A5B1-2D63364549C3}.Debug|x86.ActiveCfg = Debug|Any CPU
		{C4D94254-8654-4F2D-A5B1-2D63364549C3}.Debug|x86.Build.0 = Debug|Any CPU
		{C4D94254-8654-4F2D-A5B1-2D63364549C3}.Release|Any CPU.ActiveCfg = Release|Any CPU
		{C4D94254-8654-4F2D-A5B1-2D63364549C3}.Release|Any CPU.Build.0 = Release|Any CPU
		{C4D94254-8654-4F2D-A5B1-2D63364549C3}.Release|x64.ActiveCfg = Release|Any CPU
		{C4D94254-8654-4F2D-A5B1-2D63364549C3}.Release|x64.Build.0 = Release|Any CPU
		{C4D94254-8654-4F2D-A5B1-2D63364549C3}.Release|x86.ActiveCfg = Release|Any CPU
		{C4D94254-8654-4F2D-A5B1-2D63364549C3}.Release|x86.Build.0 = Release|Any CPU
		{D4FF703B-7018-42BF-8AAC-AE3E7E432C99}.Debug|Any CPU.ActiveCfg = Debug|Any CPU
		{D4FF703B-7018-42BF-8AAC-AE3E7E432C99}.Debug|Any CPU.Build.0 = Debug|Any CPU
		{D4FF703B-7018-42BF-8AAC-AE3E7E432C99}.Debug|x64.ActiveCfg = Debug|Any CPU
		{D4FF703B-7018-42BF-8AAC-AE3E7E432C99}.Debug|x64.Build.0 = Debug|Any CPU
		{D4FF703B-7018-42BF-8AAC-AE3E7E432C99}.Debug|x86.ActiveCfg = Debug|Any CPU
		{D4FF703B-7018-42BF-8AAC-AE3E7E432C99}.Debug|x86.Build.0 = Debug|Any CPU
		{D4FF703B-7018-42BF-8AAC-AE3E7E432C99}.Release|Any CPU.ActiveCfg = Release|Any CPU
		{D4FF703B-7018-42BF-8AAC-AE3E7E432C99}.Release|Any CPU.Build.0 = Release|Any CPU
		{D4FF703B-7018-42BF-8AAC-AE3E7E432C99}.Release|x64.ActiveCfg = Release|Any CPU
		{D4FF703B-7018-42BF-8AAC-AE3E7E432C99}.Release|x64.Build.0 = Release|Any CPU
		{D4FF703B-7018-42BF-8AAC-AE3E7E432C99}.Release|x86.ActiveCfg = Release|Any CPU
		{D4FF703B-7018-42BF-8AAC-AE3E7E432C99}.Release|x86.Build.0 = Release|Any CPU
		{67AE036A-B481-490A-B680-DAD976A18837}.Debug|Any CPU.ActiveCfg = Debug|Any CPU
		{67AE036A-B481-490A-B680-DAD976A18837}.Debug|Any CPU.Build.0 = Debug|Any CPU
		{67AE036A-B481-490A-B680-DAD976A18837}.Debug|x64.ActiveCfg = Debug|Any CPU
		{67AE036A-B481-490A-B680-DAD976A18837}.Debug|x64.Build.0 = Debug|Any CPU
		{67AE036A-B481-490A-B680-DAD976A18837}.Debug|x86.ActiveCfg = Debug|Any CPU
		{67AE036A-B481-490A-B680-DAD976A18837}.Debug|x86.Build.0 = Debug|Any CPU
		{67AE036A-B481-490A-B680-DAD976A18837}.Release|Any CPU.ActiveCfg = Release|Any CPU
		{67AE036A-B481-490A-B680-DAD976A18837}.Release|Any CPU.Build.0 = Release|Any CPU
		{67AE036A-B481-490A-B680-DAD976A18837}.Release|x64.ActiveCfg = Release|Any CPU
		{67AE036A-B481-490A-B680-DAD976A18837}.Release|x64.Build.0 = Release|Any CPU
		{67AE036A-B481-490A-B680-DAD976A18837}.Release|x86.ActiveCfg = Release|Any CPU
		{67AE036A-B481-490A-B680-DAD976A18837}.Release|x86.Build.0 = Release|Any CPU
		{343E232D-8D48-402C-B0E5-B53E99B5277E}.Debug|Any CPU.ActiveCfg = Debug|Any CPU
		{343E232D-8D48-402C-B0E5-B53E99B5277E}.Debug|Any CPU.Build.0 = Debug|Any CPU
		{343E232D-8D48-402C-B0E5-B53E99B5277E}.Debug|x64.ActiveCfg = Debug|Any CPU
		{343E232D-8D48-402C-B0E5-B53E99B5277E}.Debug|x64.Build.0 = Debug|Any CPU
		{343E232D-8D48-402C-B0E5-B53E99B5277E}.Debug|x86.ActiveCfg = Debug|Any CPU
		{343E232D-8D48-402C-B0E5-B53E99B5277E}.Debug|x86.Build.0 = Debug|Any CPU
		{343E232D-8D48-402C-B0E5-B53E99B5277E}.Release|Any CPU.ActiveCfg = Release|Any CPU
		{343E232D-8D48-402C-B0E5-B53E99B5277E}.Release|Any CPU.Build.0 = Release|Any CPU
		{343E232D-8D48-402C-B0E5-B53E99B5277E}.Release|x64.ActiveCfg = Release|Any CPU
		{343E232D-8D48-402C-B0E5-B53E99B5277E}.Release|x64.Build.0 = Release|Any CPU
		{343E232D-8D48-402C-B0E5-B53E99B5277E}.Release|x86.ActiveCfg = Release|Any CPU
		{343E232D-8D48-402C-B0E5-B53E99B5277E}.Release|x86.Build.0 = Release|Any CPU
	EndGlobalSection
	GlobalSection(SolutionProperties) = preSolution
		HideSolutionNode = FALSE
	EndGlobalSection
	GlobalSection(NestedProjects) = preSolution
		{A123C05A-479C-4324-A92F-977EB89A7AE1} = {827E0CD3-B72D-47B6-A68D-7590B98EB39B}
		{3217D513-ED2C-48D6-AF50-076609247D07} = {827E0CD3-B72D-47B6-A68D-7590B98EB39B}
		{C4D94254-8654-4F2D-A5B1-2D63364549C3} = {827E0CD3-B72D-47B6-A68D-7590B98EB39B}
		{D4FF703B-7018-42BF-8AAC-AE3E7E432C99} = {827E0CD3-B72D-47B6-A68D-7590B98EB39B}
		{67AE036A-B481-490A-B680-DAD976A18837} = {827E0CD3-B72D-47B6-A68D-7590B98EB39B}
		{343E232D-8D48-402C-B0E5-B53E99B5277E} = {827E0CD3-B72D-47B6-A68D-7590B98EB39B}
	EndGlobalSection
EndGlobal
